
Microsoft Visual Studio Solution File, Format Version 12.00
# Visual Studio Version 17
VisualStudioVersion = 17.10.34916.146
MinimumVisualStudioVersion = 10.0.40219.1
Project("{FAE04EC0-301F-11D3-BF4B-00C04F79EFBC}") = "WebApplication7", "WebApplication7\WebApplication7.csproj", "{63B9A782-B003-488B-BA6F-A91E21D71244}"
EndProject
Global
	GlobalSection(SolutionConfigurationPlatforms) = preSolution
		Debug|Any CPU = Debug|Any CPU
		Release|Any CPU = Release|Any CPU
	EndGlobalSection
	GlobalSection(ProjectConfigurationPlatforms) = postSolution
		{63B9A782-B003-488B-BA6F-A91E21D71244}.Debug|Any CPU.ActiveCfg = Debug|Any CPU
		{63B9A782-B003-488B-BA6F-A91E21D71244}.Debug|Any CPU.Build.0 = Debug|Any CPU
		{63B9A782-B003-488B-BA6F-A91E21D71244}.Release|Any CPU.ActiveCfg = Release|Any CPU
		{63B9A782-B003-488B-BA6F-A91E21D71244}.Release|Any CPU.Build.0 = Release|Any CPU
	EndGlobalSection
	GlobalSection(SolutionProperties) = preSolution
		HideSolutionNode = FALSE
	EndGlobalSection
	GlobalSection(ExtensibilityGlobals) = postSolution
		SolutionGuid = {3BB4050F-9B7D-4A8E-888B-6EAE99D5467E}
	EndGlobalSection
EndGlobal
